
Microsoft Visual Studio Solution File, Format Version 12.00
# Visual Studio Version 17
VisualStudioVersion = 17.7.34024.191
MinimumVisualStudioVersion = 10.0.40219.1
Project("{FAE04EC0-301F-11D3-BF4B-00C04F79EFBC}") = "AnimationControl2", "AnimationControl2\AnimationControl2.csproj", "{21D49FFB-64D2-4F9C-9AE8-49E0CE693E55}"
EndProject
Global
	GlobalSection(SolutionConfigurationPlatforms) = preSolution
		Debug|Any CPU = Debug|Any CPU
		Release|Any CPU = Release|Any CPU
	EndGlobalSection
	GlobalSection(ProjectConfigurationPlatforms) = postSolution
		{21D49FFB-64D2-4F9C-9AE8-49E0CE693E55}.Debug|Any CPU.ActiveCfg = Debug|Any CPU
		{21D49FFB-64D2-4F9C-9AE8-49E0CE693E55}.Debug|Any CPU.Build.0 = Debug|Any CPU
		{21D49FFB-64D2-4F9C-9AE8-49E0CE693E55}.Release|Any CPU.ActiveCfg = Release|Any CPU
		{21D49FFB-64D2-4F9C-9AE8-49E0CE693E55}.Release|Any CPU.Build.0 = Release|Any CPU
	EndGlobalSection
	GlobalSection(SolutionProperties) = preSolution
		HideSolutionNode = FALSE
	EndGlobalSection
	GlobalSection(ExtensibilityGlobals) = postSolution
		SolutionGuid = {5D5966D7-FB4C-45FB-9233-DBA74593DF97}
	EndGlobalSection
EndGlobal
